
Microsoft Visual Studio Solution File, Format Version 12.00
# Visual Studio Version 16
VisualStudioVersion = 16.0.30804.86
MinimumVisualStudioVersion = 10.0.40219.1
Project("{FAE04EC0-301F-11D3-BF4B-00C04F79EFBC}") = "RCSD Computer", "RCSD Computer.csproj", "{3403AA96-F7E9-48FE-9C45-B35E71F3D45B}"
EndProject
Global
	GlobalSection(SolutionConfigurationPlatforms) = preSolution
		Debug|Any CPU = Debug|Any CPU
		Release|Any CPU = Release|Any CPU
	EndGlobalSection
	GlobalSection(ProjectConfigurationPlatforms) = postSolution
		{3403AA96-F7E9-48FE-9C45-B35E71F3D45B}.Debug|Any CPU.ActiveCfg = Debug|Any CPU
		{3403AA96-F7E9-48FE-9C45-B35E71F3D45B}.Debug|Any CPU.Build.0 = Debug|Any CPU
		{3403AA96-F7E9-48FE-9C45-B35E71F3D45B}.Release|Any CPU.ActiveCfg = Release|Any CPU
		{3403AA96-F7E9-48FE-9C45-B35E71F3D45B}.Release|Any CPU.Build.0 = Release|Any CPU
	EndGlobalSection
	GlobalSection(SolutionProperties) = preSolution
		HideSolutionNode = FALSE
	EndGlobalSection
	GlobalSection(ExtensibilityGlobals) = postSolution
		SolutionGuid = {1C457FF6-9EDA-4A7D-BA06-2C87282CFAA7}
	EndGlobalSection
EndGlobal
